
Microsoft Visual Studio Solution File, Format Version 12.00
# Visual Studio Version 17
VisualStudioVersion = 17.3.32922.545
MinimumVisualStudioVersion = 10.0.40219.1
Project("{FAE04EC0-301F-11D3-BF4B-00C04F79EFBC}") = "StringFormatter.Core", "StringFormatter.Core\StringFormatter.Core.csproj", "{26956385-9CD7-42AA-9B3D-FF6FE3BB6641}"
EndProject
Project("{FAE04EC0-301F-11D3-BF4B-00C04F79EFBC}") = "StringFormatter.Tests", "StringFormatter.Tests\StringFormatter.Tests.csproj", "{F6F02572-9D16-4C2D-829D-8E38E54853D5}"
EndProject
Global
	GlobalSection(SolutionConfigurationPlatforms) = preSolution
		Debug|Any CPU = Debug|Any CPU
		Release|Any CPU = Release|Any CPU
	EndGlobalSection
	GlobalSection(ProjectConfigurationPlatforms) = postSolution
		{26956385-9CD7-42AA-9B3D-FF6FE3BB6641}.Debug|Any CPU.ActiveCfg = Debug|Any CPU
		{26956385-9CD7-42AA-9B3D-FF6FE3BB6641}.Debug|Any CPU.Build.0 = Debug|Any CPU
		{26956385-9CD7-42AA-9B3D-FF6FE3BB6641}.Release|Any CPU.ActiveCfg = Release|Any CPU
		{26956385-9CD7-42AA-9B3D-FF6FE3BB6641}.Release|Any CPU.Build.0 = Release|Any CPU
		{F6F02572-9D16-4C2D-829D-8E38E54853D5}.Debug|Any CPU.ActiveCfg = Debug|Any CPU
		{F6F02572-9D16-4C2D-829D-8E38E54853D5}.Debug|Any CPU.Build.0 = Debug|Any CPU
		{F6F02572-9D16-4C2D-829D-8E38E54853D5}.Release|Any CPU.ActiveCfg = Release|Any CPU
		{F6F02572-9D16-4C2D-829D-8E38E54853D5}.Release|Any CPU.Build.0 = Release|Any CPU
	EndGlobalSection
	GlobalSection(SolutionProperties) = preSolution
		HideSolutionNode = FALSE
	EndGlobalSection
	GlobalSection(ExtensibilityGlobals) = postSolution
		SolutionGuid = {31A8967A-F6E4-471A-B0E9-1118DC77964C}
	EndGlobalSection
EndGlobal
